
Microsoft Visual Studio Solution File, Format Version 12.00
# Visual Studio Version 16
VisualStudioVersion = 16.0.32002.261
MinimumVisualStudioVersion = 10.0.40219.1
Project("{FAE04EC0-301F-11D3-BF4B-00C04F79EFBC}") = "MyFirstASPnetCoreApp", "MyFirstASPnetCoreApp\MyFirstASPnetCoreApp.csproj", "{8E894C4E-128F-43D9-A5EE-2113403A0256}"
EndProject
Global
	GlobalSection(SolutionConfigurationPlatforms) = preSolution
		Debug|Any CPU = Debug|Any CPU
		Release|Any CPU = Release|Any CPU
	EndGlobalSection
	GlobalSection(ProjectConfigurationPlatforms) = postSolution
		{8E894C4E-128F-43D9-A5EE-2113403A0256}.Debug|Any CPU.ActiveCfg = Debug|Any CPU
		{8E894C4E-128F-43D9-A5EE-2113403A0256}.Debug|Any CPU.Build.0 = Debug|Any CPU
		{8E894C4E-128F-43D9-A5EE-2113403A0256}.Release|Any CPU.ActiveCfg = Release|Any CPU
		{8E894C4E-128F-43D9-A5EE-2113403A0256}.Release|Any CPU.Build.0 = Release|Any CPU
	EndGlobalSection
	GlobalSection(SolutionProperties) = preSolution
		HideSolutionNode = FALSE
	EndGlobalSection
	GlobalSection(ExtensibilityGlobals) = postSolution
		SolutionGuid = {0EE052A7-579D-4EE1-8EE9-128E5D54BC41}
	EndGlobalSection
EndGlobal
